<?xml version="1.0" encoding="utf-8"?>
<Project ToolsVersion="4.0" xmlns="http://schemas.microsoft.com/developer/msbuild/2003">
  <ItemGroup>
    <ClCompile Include="..\..\..\source\Point2D.cpp">
      <Filter>2d</Filter>
    </ClCompile>
    <ClCompile Include="..\..\..\source\Rect.cpp">
      <Filter>2d</Filter>
    </ClCompile>
    <ClCompile Include="..\..\..\source\Circle.cpp">
      <Filter>2d</Filter>
    </ClCompile>
    <ClCompile Include="..\..\..\source\Bezier.cpp">
      <Filter>2d</Filter>
    </ClCompile>
    <ClCompile Include="..\..\..\source\Serialize.cpp" />
    <ClCompile Include="..\..\..\source\Box.cpp">
      <Filter>3d</Filter>
    </ClCompile>
    <ClCompile Include="..\..\..\source\Sphere.cpp">
      <Filter>3d</Filter>
    </ClCompile>
    <ClCompile Include="..\..\..\source\Point3D.cpp">
      <Filter>3d</Filter>
    </ClCompile>
    <ClCompile Include="..\..\..\source\Polyline3D.cpp">
      <Filter>3d</Filter>
    </ClCompile>
    <ClCompile Include="..\..\..\source\Polyline2DImpl.cpp">
      <Filter>2d</Filter>
    </ClCompile>
    <ClCompile Include="..\..\..\source\Polyline2D.cpp">
      <Filter>2d</Filter>
    </ClCompile>
    <ClCompile Include="..\..\..\source\Polygon2D.cpp">
      <Filter>2d</Filter>
    </ClCompile>
    <ClCompile Include="..\..\..\source\Polygon3D.cpp">
      <Filter>3d</Filter>
    </ClCompile>
  </ItemGroup>
  <ItemGroup>
    <ClInclude Include="..\..\..\include\geoshape\Shape2D.h" />
    <ClInclude Include="..\..\..\include\geoshape\Shape3D.h" />
    <ClInclude Include="..\..\..\include\geoshape\Point2D.h">
      <Filter>2d</Filter>
    </ClInclude>
    <ClInclude Include="..\..\..\include\geoshape\config.h" />
    <ClInclude Include="..\..\..\include\geoshape\Rect.h">
      <Filter>2d</Filter>
    </ClInclude>
    <ClInclude Include="..\..\..\include\geoshape\Circle.h">
      <Filter>2d</Filter>
    </ClInclude>
    <ClInclude Include="..\..\..\include\geoshape\Bezier.h">
      <Filter>2d</Filter>
    </ClInclude>
    <ClInclude Include="..\..\..\include\geoshape\Serialize.h" />
    <ClInclude Include="..\..\..\include\geoshape\Box.h">
      <Filter>3d</Filter>
    </ClInclude>
    <ClInclude Include="..\..\..\include\geoshape\Sphere.h">
      <Filter>3d</Filter>
    </ClInclude>
    <ClInclude Include="..\..\..\include\geoshape\Point3D.h">
      <Filter>3d</Filter>
    </ClInclude>
    <ClInclude Include="..\..\..\include\geoshape\Polyline3D.h">
      <Filter>3d</Filter>
    </ClInclude>
    <ClInclude Include="..\..\..\include\geoshape\Polyline2DImpl.h">
      <Filter>2d</Filter>
    </ClInclude>
    <ClInclude Include="..\..\..\include\geoshape\Polyline2D.h">
      <Filter>2d</Filter>
    </ClInclude>
    <ClInclude Include="..\..\..\include\geoshape\Polygon2D.h">
      <Filter>2d</Filter>
    </ClInclude>
    <ClInclude Include="..\..\..\include\geoshape\Polygon3D.h">
      <Filter>3d</Filter>
    </ClInclude>
  </ItemGroup>
  <ItemGroup>
    <Filter Include="2d">
      <UniqueIdentifier>{5b32c0b1-2ec2-4aea-b26c-5905c09bbb24}</UniqueIdentifier>
    </Filter>
    <Filter Include="3d">
      <UniqueIdentifier>{2e1d08f7-281c-4aeb-8ff8-08fdb8482e6d}</UniqueIdentifier>
    </Filter>
  </ItemGroup>
</Project>